<?xml version="1.0" encoding="utf-8"?>
<Project ToolsVersion="4.0" xmlns="http://schemas.microsoft.com/developer/msbuild/2003">
  <ItemGroup>
    <Filter Include="00_Headers">
      <UniqueIdentifier>{af910965-b680-4ea4-8751-327098448a41}</UniqueIdentifier>
    </Filter>
    <Filter Include="00_Sources">
      <UniqueIdentifier>{892a5a93-0823-4ef4-8fa9-e5f4cdc0cf97}</UniqueIdentifier>
    </Filter>
    <Filter Include="Common">
      <UniqueIdentifier>{26b6baa6-7e69-4d11-8324-43fdd34abac1}</UniqueIdentifier>
    </Filter>
  </ItemGroup>
  <ItemGroup>
    <ClInclude Include="GOERenderer.h">
      <Filter>00_Headers</Filter>
    </ClInclude>
    <ClInclude Include="Camera.h">
      <Filter>00_Headers</Filter>
    </ClInclude>
    <ClInclude Include="Kuramon.h">
      <Filter>00_Headers</Filter>
    </ClInclude>
    <ClInclude Include="Renderer_pch.h">
      <Filter>Common</Filter>
    </ClInclude>
    <ClInclude Include="D3DMath.h">
      <Filter>Common</Filter>
    </ClInclude>
    <ClInclude Include="ModelResource.h">
      <Filter>00_Headers</Filter>
    </ClInclude>
    <ClInclude Include="ID3DRenderer.h">
      <Filter>Common</Filter>
    </ClInclude>
    <ClInclude Include="MeshResource.h">
      <Filter>00_Headers</Filter>
    </ClInclude>
    <ClInclude Include="RenderObject.h">
      <Filter>00_Headers</Filter>
    </ClInclude>
    <ClInclude Include="DirectXTex.h">
      <Filter>Common</Filter>
    </ClInclude>
    <ClInclude Include="PIX.h">
      <Filter>Common</Filter>
    </ClInclude>
    <ClInclude Include="TextureResource.h">
      <Filter>00_Headers</Filter>
    </ClInclude>
    <ClInclude Include="CommandContext.h">
      <Filter>00_Headers</Filter>
    </ClInclude>
    <ClInclude Include="GraphicsDevice.h">
      <Filter>00_Headers</Filter>
    </ClInclude>
    <ClInclude Include="PSOManager.h">
      <Filter>00_Headers</Filter>
    </ClInclude>
    <ClInclude Include="ResourceManager.h">
      <Filter>00_Headers</Filter>
    </ClInclude>
    <ClInclude Include="SwapChain.h">
      <Filter>00_Headers</Filter>
    </ClInclude>
    <ClInclude Include="UIManager.h" />
    <ClInclude Include="RenderContext.h" />
    <ClInclude Include="CopyCommandContext.h" />
    <ClInclude Include="RenderCommandContext.h" />
    <ClInclude Include="RenderResource.h" />
  </ItemGroup>
  <ItemGroup>
    <ClCompile Include="GOERenderer.cpp">
      <Filter>00_Sources</Filter>
    </ClCompile>
    <ClCompile Include="Camera.cpp">
      <Filter>00_Sources</Filter>
    </ClCompile>
    <ClCompile Include="Kuramon.cpp">
      <Filter>00_Sources</Filter>
    </ClCompile>
    <ClCompile Include="Renderer_pch.cpp">
      <Filter>Common</Filter>
    </ClCompile>
    <ClCompile Include="ModelResource.cpp">
      <Filter>00_Sources</Filter>
    </ClCompile>
    <ClCompile Include="MeshResource.cpp">
      <Filter>00_Sources</Filter>
    </ClCompile>
    <ClCompile Include="RenderObject.cpp">
      <Filter>00_Sources</Filter>
    </ClCompile>
    <ClCompile Include="TextureResource.cpp">
      <Filter>00_Sources</Filter>
    </ClCompile>
    <ClCompile Include="CommandContext.cpp">
      <Filter>00_Sources</Filter>
    </ClCompile>
    <ClCompile Include="GraphicsDevice.cpp">
      <Filter>00_Sources</Filter>
    </ClCompile>
    <ClCompile Include="PSOManager.cpp">
      <Filter>00_Sources</Filter>
    </ClCompile>
    <ClCompile Include="ResourceManager.cpp">
      <Filter>00_Sources</Filter>
    </ClCompile>
    <ClCompile Include="SwapChain.cpp">
      <Filter>00_Sources</Filter>
    </ClCompile>
    <ClCompile Include="UIManager.cpp" />
    <ClCompile Include="RenderContext.cpp" />
    <ClCompile Include="CopyCommandContext.cpp" />
    <ClCompile Include="RenderCommandContext.cpp" />
    <ClCompile Include="RenderResource.cpp" />
  </ItemGroup>
  <ItemGroup>
    <None Include="packages.config" />
    <None Include="DirectXTex.inl">
      <Filter>Common</Filter>
    </None>
  </ItemGroup>
</Project>