<?xml version="1.0" encoding="utf-8"?>
<Project ToolsVersion="4.0" xmlns="http://schemas.microsoft.com/developer/msbuild/2003">
  <ItemGroup>
    <Filter Include="EntryPoint">
      <UniqueIdentifier>{e066ec1e-3186-4f44-8703-687ff12f4988}</UniqueIdentifier>
    </Filter>
    <Filter Include="EntryPoint\리소스 파일">
      <UniqueIdentifier>{67DA6AB6-F800-4c08-8B7A-83BB121AAD01}</UniqueIdentifier>
      <Extensions>rc;ico;cur;bmp;dlg;rc2;rct;bin;rgs;gif;jpg;jpeg;jpe;resx;tiff;tif;png;wav;mfcribbon-ms</Extensions>
    </Filter>
  </ItemGroup>
  <ItemGroup>
    <ClInclude Include="framework.h">
      <Filter>EntryPoint</Filter>
    </ClInclude>
    <ClInclude Include="Resource.h">
      <Filter>EntryPoint</Filter>
    </ClInclude>
    <ClInclude Include="targetver.h">
      <Filter>EntryPoint</Filter>
    </ClInclude>
    <ClInclude Include="Application.h" />
  </ItemGroup>
  <ItemGroup>
    <ResourceCompile Include="GOE.rc">
      <Filter>EntryPoint\리소스 파일</Filter>
    </ResourceCompile>
  </ItemGroup>
  <ItemGroup>
    <Image Include="small.ico">
      <Filter>EntryPoint\리소스 파일</Filter>
    </Image>
    <Image Include="GOE.ico">
      <Filter>EntryPoint\리소스 파일</Filter>
    </Image>
  </ItemGroup>
  <ItemGroup>
    <ClCompile Include="main.cpp">
      <Filter>EntryPoint</Filter>
    </ClCompile>
    <ClCompile Include="Application.cpp" />
  </ItemGroup>
</Project>