<?xml version="1.0" encoding="utf-8"?>
<Project ToolsVersion="4.0" xmlns="http://schemas.microsoft.com/developer/msbuild/2003">
  <ItemGroup>
    <Filter Include="00_Sources">
      <UniqueIdentifier>{2434b6a0-5596-42e1-978a-e7c3d3818ab7}</UniqueIdentifier>
    </Filter>
    <Filter Include="00_Headers">
      <UniqueIdentifier>{14d84ab8-6dfa-4cd0-8da5-08d5114f8db8}</UniqueIdentifier>
    </Filter>
    <Filter Include="Common">
      <UniqueIdentifier>{e43d7a79-af2f-4e58-b747-b37f08226107}</UniqueIdentifier>
    </Filter>
    <Filter Include="Common\imgui">
      <UniqueIdentifier>{fd016c38-7997-41f6-a64b-db5ee7679577}</UniqueIdentifier>
    </Filter>
  </ItemGroup>
  <ItemGroup>
    <ClCompile Include="EditorCore.cpp">
      <Filter>00_Sources</Filter>
    </ClCompile>
    <ClCompile Include="DebugManager.cpp">
      <Filter>00_Sources</Filter>
    </ClCompile>
    <ClCompile Include="Editor_pch.cpp">
      <Filter>Common</Filter>
    </ClCompile>
    <ClCompile Include="..\Imgui\imgui.cpp">
      <Filter>Common\imgui</Filter>
    </ClCompile>
    <ClCompile Include="..\Imgui\imgui_demo.cpp">
      <Filter>Common\imgui</Filter>
    </ClCompile>
    <ClCompile Include="..\Imgui\imgui_draw.cpp">
      <Filter>Common\imgui</Filter>
    </ClCompile>
    <ClCompile Include="..\Imgui\imgui_impl_dx12.cpp">
      <Filter>Common\imgui</Filter>
    </ClCompile>
    <ClCompile Include="..\Imgui\imgui_impl_win32.cpp">
      <Filter>Common\imgui</Filter>
    </ClCompile>
    <ClCompile Include="..\Imgui\imgui_tables.cpp">
      <Filter>Common\imgui</Filter>
    </ClCompile>
    <ClCompile Include="..\Imgui\imgui_widgets.cpp">
      <Filter>Common\imgui</Filter>
    </ClCompile>
  </ItemGroup>
  <ItemGroup>
    <ClInclude Include="EditorCore.h">
      <Filter>00_Headers</Filter>
    </ClInclude>
    <ClInclude Include="DebugManager.h">
      <Filter>00_Headers</Filter>
    </ClInclude>
    <ClInclude Include="Editor_pch.h">
      <Filter>Common</Filter>
    </ClInclude>
    <ClInclude Include="..\Imgui\imconfig.h">
      <Filter>Common\imgui</Filter>
    </ClInclude>
    <ClInclude Include="..\Imgui\imgui.h">
      <Filter>Common\imgui</Filter>
    </ClInclude>
    <ClInclude Include="..\Imgui\imgui_impl_dx12.h">
      <Filter>Common\imgui</Filter>
    </ClInclude>
    <ClInclude Include="..\Imgui\imgui_impl_win32.h">
      <Filter>Common\imgui</Filter>
    </ClInclude>
    <ClInclude Include="..\Imgui\imgui_internal.h">
      <Filter>Common\imgui</Filter>
    </ClInclude>
    <ClInclude Include="..\Imgui\imstb_rectpack.h">
      <Filter>Common\imgui</Filter>
    </ClInclude>
    <ClInclude Include="..\Imgui\imstb_textedit.h">
      <Filter>Common\imgui</Filter>
    </ClInclude>
    <ClInclude Include="..\Imgui\imstb_truetype.h">
      <Filter>Common\imgui</Filter>
    </ClInclude>
    <ClInclude Include="IEditorBridge.h" />
  </ItemGroup>
</Project>